// !$*UTF8*$!
{
	archiveVersion = 1;
	classes = {
	};
	objectVersion = 48;
	objects = {

/* Begin PBXBuildFile section */
		197E0D9A1FAE93A600EAA4CE /* LICENSE.md in Resources */ = {isa = PBXBuildFile; fileRef = 197E0D991FAE93A600EAA4CE /* LICENSE.md */; };
		1983E2DB1FAD31A200263581 /* AppDelegate.swift in Sources */ = {isa = PBXBuildFile; fileRef = 1983E2DA1FAD31A200263581 /* AppDelegate.swift */; };
		1983E2DD1FAD31A200263581 /* ViewController.swift in Sources */ = {isa = PBXBuildFile; fileRef = 1983E2DC1FAD31A200263581 /* ViewController.swift */; };
		1983E2E01FAD31A200263581 /* Main.storyboard in Resources */ = {isa = PBXBuildFile; fileRef = 1983E2DE1FAD31A200263581 /* Main.storyboard */; };
		1983E2E21FAD31A200263581 /* Assets.xcassets in Resources */ = {isa = PBXBuildFile; fileRef = 1983E2E11FAD31A200263581 /* Assets.xcassets */; };
		1983E2E51FAD31A200263581 /* LaunchScreen.storyboard in Resources */ = {isa = PBXBuildFile; fileRef = 1983E2E31FAD31A200263581 /* LaunchScreen.storyboard */; };
/* End PBXBuildFile section */

/* Begin PBXFileReference section */
		197E0D981FAE42E200EAA4CE /* README.md */ = {isa = PBXFileReference; lastKnownFileType = net.daringfireball.markdown; path = README.md; sourceTree = "<group>"; };
		197E0D991FAE93A600EAA4CE /* LICENSE.md */ = {isa = PBXFileReference; fileEncoding = 4; lastKnownFileType = net.daringfireball.markdown; path = LICENSE.md; sourceTree = "<group>"; };
		1983E2D71FAD31A200263581 /* FacefARt.app */ = {isa = PBXFileReference; explicitFileType = wrapper.application; includeInIndex = 0; path = FacefARt.app; sourceTree = BUILT_PRODUCTS_DIR; };
		1983E2DA1FAD31A200263581 /* AppDelegate.swift */ = {isa = PBXFileReference; lastKnownFileType = sourcecode.swift; path = AppDelegate.swift; sourceTree = "<group>"; };
		1983E2DC1FAD31A200263581 /* ViewController.swift */ = {isa = PBXFileReference; lastKnownFileType = sourcecode.swift; path = ViewController.swift; sourceTree = "<group>"; };
		1983E2DF1FAD31A200263581 /* Base */ = {isa = PBXFileReference; lastKnownFileType = file.storyboard; name = Base; path = Base.lproj/Main.storyboard; sourceTree = "<group>"; };
		1983E2E11FAD31A200263581 /* Assets.xcassets */ = {isa = PBXFileReference; lastKnownFileType = folder.assetcatalog; path = Assets.xcassets; sourceTree = "<group>"; };
		1983E2E41FAD31A200263581 /* Base */ = {isa = PBXFileReference; lastKnownFileType = file.storyboard; name = Base; path = Base.lproj/LaunchScreen.storyboard; sourceTree = "<group>"; };
		1983E2E61FAD31A200263581 /* Info.plist */ = {isa = PBXFileReference; lastKnownFileType = text.plist.xml; path = Info.plist; sourceTree = "<group>"; };
		1983E2ED1FAD329000263581 /* SceneKit.framework */ = {isa = PBXFileReference; lastKnownFileType = wrapper.framework; name = SceneKit.framework; path = System/Library/Frameworks/SceneKit.framework; sourceTree = SDKROOT; };
		1983E2EE1FAD33A700263581 /* ARKit.framework */ = {isa = PBXFileReference; lastKnownFileType = wrapper.framework; name = ARKit.framework; path = System/Library/Frameworks/ARKit.framework; sourceTree = SDKROOT; };
/* End PBXFileReference section */

/* Begin PBXFrameworksBuildPhase section */
		1983E2D41FAD31A200263581 /* Frameworks */ = {
			isa = PBXFrameworksBuildPhase;
			buildActionMask = 2147483647;
			files = (
			);
			runOnlyForDeploymentPostprocessing = 0;
		};
/* End PBXFrameworksBuildPhase section */

/* Begin PBXGroup section */
		1983E2CE1FAD31A200263581 = {
			isa = PBXGroup;
			children = (
				197E0D981FAE42E200EAA4CE /* README.md */,
				197E0D991FAE93A600EAA4CE /* LICENSE.md */,
				1983E2D91FAD31A200263581 /* FacefARt */,
				1983E2D81FAD31A200263581 /* Products */,
				1983E2EC1FAD329000263581 /* Frameworks */,
			);
			sourceTree = "<group>";
		};
		1983E2D81FAD31A200263581 /* Products */ = {
			isa = PBXGroup;
			children = (
				1983E2D71FAD31A200263581 /* FacefARt.app */,
			);
			name = Products;
			sourceTree = "<group>";
		};
		1983E2D91FAD31A200263581 /* FacefARt */ = {
			isa = PBXGroup;
			children = (
				1983E2DA1FAD31A200263581 /* AppDelegate.swift */,
				1983E2DC1FAD31A200263581 /* ViewController.swift */,
				1983E2DE1FAD31A200263581 /* Main.storyboard */,
				1983E2E11FAD31A200263581 /* Assets.xcassets */,
				1983E2E31FAD31A200263581 /* LaunchScreen.storyboard */,
				1983E2E61FAD31A200263581 /* Info.plist */,
			);
			path = FacefARt;
			sourceTree = "<group>";
		};
		1983E2EC1FAD329000263581 /* Frameworks */ = {
			isa = PBXGroup;
			children = (
				1983E2EE1FAD33A700263581 /* ARKit.framework */,
				1983E2ED1FAD329000263581 /* SceneKit.framework */,
			);
			name = Frameworks;
			sourceTree = "<group>";
		};
/* End PBXGroup section */

/* Begin PBXNativeTarget section */
		1983E2D61FAD31A200263581 /* FacefARt */ = {
			isa = PBXNativeTarget;
			buildConfigurationList = 1983E2E91FAD31A200263581 /* Build configuration list for PBXNativeTarget "FacefARt" */;
			buildPhases = (
				1983E2D31FAD31A200263581 /* Sources */,
				1983E2D41FAD31A200263581 /* Frameworks */,
				1983E2D51FAD31A200263581 /* Resources */,
			);
			buildRules = (
			);
			dependencies = (
			);
			name = FacefARt;
			productName = FacefARt;
			productReference = 1983E2D71FAD31A200263581 /* FacefARt.app */;
			productType = "com.apple.product-type.application";
		};
/* End PBXNativeTarget section */

/* Begin PBXProject section */
		1983E2CF1FAD31A200263581 /* Project object */ = {
			isa = PBXProject;
			attributes = {
				LastSwiftUpdateCheck = 0910;
				LastUpgradeCheck = 0910;
				ORGANIZATIONNAME = "Hung Truong";
				TargetAttributes = {
					1983E2D61FAD31A200263581 = {
						CreatedOnToolsVersion = 9.1;
						ProvisioningStyle = Automatic;
					};
				};
			};
			buildConfigurationList = 1983E2D21FAD31A200263581 /* Build configuration list for PBXProject "FacefARt" */;
			compatibilityVersion = "Xcode 8.0";
			developmentRegion = en;
			hasScannedForEncodings = 0;
			knownRegions = (
				en,
				Base,
			);
			mainGroup = 1983E2CE1FAD31A200263581;
			productRefGroup = 1983E2D81FAD31A200263581 /* Products */;
			projectDirPath = "";
			projectRoot = "";
			targets = (
				1983E2D61FAD31A200263581 /* FacefARt */,
			);
		};
/* End PBXProject section */

/* Begin PBXResourcesBuildPhase section */
		1983E2D51FAD31A200263581 /* Resources */ = {
			isa = PBXResourcesBuildPhase;
			buildActionMask = 2147483647;
			files = (
				197E0D9A1FAE93A600EAA4CE /* LICENSE.md in Resources */,
				1983E2E51FAD31A200263581 /* LaunchScreen.storyboard in Resources */,
				1983E2E21FAD31A200263581 /* Assets.xcassets in Resources */,
				1983E2E01FAD31A200263581 /* Main.storyboard in Resources */,
			);
			runOnlyForDeploymentPostprocessing = 0;
		};
/* End PBXResourcesBuildPhase section */

/* Begin PBXSourcesBuildPhase section */
		1983E2D31FAD31A200263581 /* Sources */ = {
			isa = PBXSourcesBuildPhase;
			buildActionMask = 2147483647;
			files = (
				1983E2DD1FAD31A200263581 /* ViewController.swift in Sources */,
				1983E2DB1FAD31A200263581 /* AppDelegate.swift in Sources */,
			);
			runOnlyForDeploymentPostprocessing = 0;
		};
/* End PBXSourcesBuildPhase section */

/* Begin PBXVariantGroup section */
		1983E2DE1FAD31A200263581 /* Main.storyboard */ = {
			isa = PBXVariantGroup;
			children = (
				1983E2DF1FAD31A200263581 /* Base */,
			);
			name = Main.storyboard;
			sourceTree = "<group>";
		};
		1983E2E31FAD31A200263581 /* LaunchScreen.storyboard */ = {
			isa = PBXVariantGroup;
			children = (
				1983E2E41FAD31A200263581 /* Base */,
			);
			name = LaunchScreen.storyboard;
			sourceTree = "<group>";
		};
/* End PBXVariantGroup section */

/* Begin XCBuildConfiguration section */
		1983E2E71FAD31A200263581 /* Debug */ = {
			isa = XCBuildConfiguration;
			buildSettings = {
				ALWAYS_SEARCH_USER_PATHS = NO;
				CLANG_ANALYZER_NONNULL = YES;
				CLANG_ANALYZER_NUMBER_OBJECT_CONVERSION = YES_AGGRESSIVE;
				CLANG_CXX_LANGUAGE_STANDARD = "gnu++14";
				CLANG_CXX_LIBRARY = "libc++";
				CLANG_ENABLE_MODULES = YES;
				CLANG_ENABLE_OBJC_ARC = YES;
				CLANG_WARN_BLOCK_CAPTURE_AUTORELEASING = YES;
				CLANG_WARN_BOOL_CONVERSION = YES;
				CLANG_WARN_COMMA = YES;
				CLANG_WARN_CONSTANT_CONVERSION = YES;
				CLANG_WARN_DIRECT_OBJC_ISA_USAGE = YES_ERROR;
				CLANG_WARN_DOCUMENTATION_COMMENTS = YES;
				CLANG_WARN_EMPTY_BODY = YES;
				CLANG_WARN_ENUM_CONVERSION = YES;
				CLANG_WARN_INFINITE_RECURSION = YES;
				CLANG_WARN_INT_CONVERSION = YES;
				CLANG_WARN_NON_LITERAL_NULL_CONVERSION = YES;
				CLANG_WARN_OBJC_LITERAL_CONVERSION = YES;
				CLANG_WARN_OBJC_ROOT_CLASS = YES_ERROR;
				CLANG_WARN_RANGE_LOOP_ANALYSIS = YES;
				CLANG_WARN_STRICT_PROTOTYPES = YES;
				CLANG_WARN_SUSPICIOUS_MOVE = YES;
				CLANG_WARN_UNGUARDED_AVAILABILITY = YES_AGGRESSIVE;
				CLANG_WARN_UNREACHABLE_CODE = YES;
				CLANG_WARN__DUPLICATE_METHOD_MATCH = YES;
				CODE_SIGN_IDENTITY = "iPhone Developer";
				COPY_PHASE_STRIP = NO;
				DEBUG_INFORMATION_FORMAT = dwarf;
				ENABLE_STRICT_OBJC_MSGSEND = YES;
				ENABLE_TESTABILITY = YES;
				GCC_C_LANGUAGE_STANDARD = gnu11;
				GCC_DYNAMIC_NO_PIC = NO;
				GCC_NO_COMMON_BLOCKS = YES;
				GCC_OPTIMIZATION_LEVEL = 0;
				GCC_PREPROCESSOR_DEFINITIONS = (
					"DEBUG=1",
					"$(inherited)",
				);
				GCC_WARN_64_TO_32_BIT_CONVERSION = YES;
				GCC_WARN_ABOUT_RETURN_TYPE = YES_ERROR;
				GCC_WARN_UNDECLARED_SELECTOR = YES;
				GCC_WARN_UNINITIALIZED_AUTOS = YES_AGGRESSIVE;
				GCC_WARN_UNUSED_FUNCTION = YES;
				GCC_WARN_UNUSED_VARIABLE = YES;
				IPHONEOS_DEPLOYMENT_TARGET = 11.1;
				MTL_ENABLE_DEBUG_INFO = YES;
				ONLY_ACTIVE_ARCH = YES;
				SDKROOT = iphoneos;
				SWIFT_ACTIVE_COMPILATION_CONDITIONS = DEBUG;
				SWIFT_OPTIMIZATION_LEVEL = "-Onone";
			};
			name = Debug;
		};
		1983E2E81FAD31A200263581 /* Release */ = {
			isa = XCBuildConfiguration;
			buildSettings = {
				ALWAYS_SEARCH_USER_PATHS = NO;
				CLANG_ANALYZER_NONNULL = YES;
				CLANG_ANALYZER_NUMBER_OBJECT_CONVERSION = YES_AGGRESSIVE;
				CLANG_CXX_LANGUAGE_STANDARD = "gnu++14";
				CLANG_CXX_LIBRARY = "libc++";
				CLANG_ENABLE_MODULES = YES;
				CLANG_ENABLE_OBJC_ARC = YES;
				CLANG_WARN_BLOCK_CAPTURE_AUTORELEASING = YES;
				CLANG_WARN_BOOL_CONVERSION = YES;
				CLANG_WARN_COMMA = YES;
				CLANG_WARN_CONSTANT_CONVERSION = YES;
				CLANG_WARN_DIRECT_OBJC_ISA_USAGE = YES_ERROR;
				CLANG_WARN_DOCUMENTATION_COMMENTS = YES;
				CLANG_WARN_EMPTY_BODY = YES;
				CLANG_WARN_ENUM_CONVERSION = YES;
				CLANG_WARN_INFINITE_RECURSION = YES;
				CLANG_WARN_INT_CONVERSION = YES;
				CLANG_WARN_NON_LITERAL_NULL_CONVERSION = YES;
				CLANG_WARN_OBJC_LITERAL_CONVERSION = YES;
				CLANG_WARN_OBJC_ROOT_CLASS = YES_ERROR;
				CLANG_WARN_RANGE_LOOP_ANALYSIS = YES;
				CLANG_WARN_STRICT_PROTOTYPES = YES;
				CLANG_WARN_SUSPICIOUS_MOVE = YES;
				CLANG_WARN_UNGUARDED_AVAILABILITY = YES_AGGRESSIVE;
				CLANG_WARN_UNREACHABLE_CODE = YES;
				CLANG_WARN__DUPLICATE_METHOD_MATCH = YES;
				CODE_SIGN_IDENTITY = "iPhone Developer";
				COPY_PHASE_STRIP = NO;
				DEBUG_INFORMATION_FORMAT = "dwarf-with-dsym";
				ENABLE_NS_ASSERTIONS = NO;
				ENABLE_STRICT_OBJC_MSGSEND = YES;
				GCC_C_LANGUAGE_STANDARD = gnu11;
				GCC_NO_COMMON_BLOCKS = YES;
				GCC_WARN_64_TO_32_BIT_CONVERSION = YES;
				GCC_WARN_ABOUT_RETURN_TYPE = YES_ERROR;
				GCC_WARN_UNDECLARED_SELECTOR = YES;
				GCC_WARN_UNINITIALIZED_AUTOS = YES_AGGRESSIVE;
				GCC_WARN_UNUSED_FUNCTION = YES;
				GCC_WARN_UNUSED_VARIABLE = YES;
				IPHONEOS_DEPLOYMENT_TARGET = 11.1;
				MTL_ENABLE_DEBUG_INFO = NO;
				SDKROOT = iphoneos;
				SWIFT_OPTIMIZATION_LEVEL = "-Owholemodule";
				VALIDATE_PRODUCT = YES;
			};
			name = Release;
		};
		1983E2EA1FAD31A200263581 /* Debug */ = {
			isa = XCBuildConfiguration;
			buildSettings = {
				ASSETCATALOG_COMPILER_APPICON_NAME = AppIcon;
				CODE_SIGN_STYLE = Automatic;
				DEVELOPMENT_TEAM = 23T6468TV6;
				INFOPLIST_FILE = FacefARt/Info.plist;
				LD_RUNPATH_SEARCH_PATHS = "$(inherited) @executable_path/Frameworks";
				PRODUCT_BUNDLE_IDENTIFIER = "com.hung-truong.FacefARt";
				PRODUCT_NAME = "$(TARGET_NAME)";
				SWIFT_VERSION = 4.0;
				TARGETED_DEVICE_FAMILY = 1;
			};
			name = Debug;
		};
		1983E2EB1FAD31A200263581 /* Release */ = {
			isa = XCBuildConfiguration;
			buildSettings = {
				ASSETCATALOG_COMPILER_APPICON_NAME = AppIcon;
				CODE_SIGN_STYLE = Automatic;
				DEVELOPMENT_TEAM = 23T6468TV6;
				INFOPLIST_FILE = FacefARt/Info.plist;
				LD_RUNPATH_SEARCH_PATHS = "$(inherited) @executable_path/Frameworks";
				PRODUCT_BUNDLE_IDENTIFIER = "com.hung-truong.FacefARt";
				PRODUCT_NAME = "$(TARGET_NAME)";
				SWIFT_VERSION = 4.0;
				TARGETED_DEVICE_FAMILY = 1;
			};
			name = Release;
		};
/* End XCBuildConfiguration section */

/* Begin XCConfigurationList section */
		1983E2D21FAD31A200263581 /* Build configuration list for PBXProject "FacefARt" */ = {
			isa = XCConfigurationList;
			buildConfigurations = (
				1983E2E71FAD31A200263581 /* Debug */,
				1983E2E81FAD31A200263581 /* Release */,
			);
			defaultConfigurationIsVisible = 0;
			defaultConfigurationName = Release;
		};
		1983E2E91FAD31A200263581 /* Build configuration list for PBXNativeTarget "FacefARt" */ = {
			isa = XCConfigurationList;
			buildConfigurations = (
				1983E2EA1FAD31A200263581 /* Debug */,
				1983E2EB1FAD31A200263581 /* Release */,
			);
			defaultConfigurationIsVisible = 0;
			defaultConfigurationName = Release;
		};
/* End XCConfigurationList section */
	};
	rootObject = 1983E2CF1FAD31A200263581 /* Project object */;
}
